
Microsoft Visual Studio Solution File, Format Version 12.00
# Visual Studio Version 17
VisualStudioVersion = 17.0.31903.59
MinimumVisualStudioVersion = 10.0.40219.1
Project("{2150E333-8FDC-42A3-9474-1A3956D46DE8}") = "Solution Items", "Solution Items", "{2A46D7C7-6D4E-4A22-A79E-7802BFD29849}"
EndProject
Project("{2150E333-8FDC-42A3-9474-1A3956D46DE8}") = "tests", "tests", "{C873CCC8-B688-4B50-9FC2-AE7FFCE356C8}"
EndProject
Project("{2150E333-8FDC-42A3-9474-1A3956D46DE8}") = "Git", "Git", "{A1432BFC-5A4C-4B31-949C-067D1D293044}"
	ProjectSection(SolutionItems) = preProject
		.gitignore = .gitignore
	EndProjectSection
EndProject
Project("{2150E333-8FDC-42A3-9474-1A3956D46DE8}") = "src", "src", "{F30B10EE-ED61-41BF-822F-8BC2FB937348}"
EndProject
Project("{FAE04EC0-301F-11D3-BF4B-00C04F79EFBC}") = "CabaVS.ExpenseTracker.Web", "src\CabaVS.ExpenseTracker.Web\CabaVS.ExpenseTracker.Web.csproj", "{8B38E2A7-83E1-4394-8DC7-19BF16A7E2B4}"
EndProject
Project("{2150E333-8FDC-42A3-9474-1A3956D46DE8}") = "Core", "Core", "{F5DD2E5C-779A-4C7A-AEE8-2DF6FF0CE3E4}"
EndProject
Project("{2150E333-8FDC-42A3-9474-1A3956D46DE8}") = "External", "External", "{0EF02063-A572-4F1F-BDD1-3B7722B2BB4F}"
EndProject
Project("{FAE04EC0-301F-11D3-BF4B-00C04F79EFBC}") = "CabaVS.ExpenseTracker.Domain", "src\Core\CabaVS.ExpenseTracker.Domain\CabaVS.ExpenseTracker.Domain.csproj", "{84593C52-C115-42A0-BB58-26158293E0A2}"
EndProject
Project("{FAE04EC0-301F-11D3-BF4B-00C04F79EFBC}") = "CabaVS.ExpenseTracker.Application", "src\Core\CabaVS.ExpenseTracker.Application\CabaVS.ExpenseTracker.Application.csproj", "{43B44CA7-AB65-4BF2-AEB4-78DA4A5D852B}"
EndProject
Project("{FAE04EC0-301F-11D3-BF4B-00C04F79EFBC}") = "CabaVS.ExpenseTracker.Persistence", "src\External\CabaVS.ExpenseTracker.Persistence\CabaVS.ExpenseTracker.Persistence.csproj", "{53395CE4-B1A5-4707-8277-9D00C8E24859}"
EndProject
Project("{FAE04EC0-301F-11D3-BF4B-00C04F79EFBC}") = "CabaVS.ExpenseTracker.Presentation", "src\External\CabaVS.ExpenseTracker.Presentation\CabaVS.ExpenseTracker.Presentation.csproj", "{D9506FC5-223A-4DFA-BC7F-53A2BF0F47B1}"
EndProject
Project("{FAE04EC0-301F-11D3-BF4B-00C04F79EFBC}") = "CabaVS.ExpenseTracker.API", "src\CabaVS.ExpenseTracker.API\CabaVS.ExpenseTracker.API.csproj", "{B0151B16-F110-4BE9-A6C3-9AE28CF52A27}"
EndProject
Global
	GlobalSection(SolutionConfigurationPlatforms) = preSolution
		Debug|Any CPU = Debug|Any CPU
		Release|Any CPU = Release|Any CPU
	EndGlobalSection
	GlobalSection(SolutionProperties) = preSolution
		HideSolutionNode = FALSE
	EndGlobalSection
	GlobalSection(NestedProjects) = preSolution
		{A1432BFC-5A4C-4B31-949C-067D1D293044} = {2A46D7C7-6D4E-4A22-A79E-7802BFD29849}
		{8B38E2A7-83E1-4394-8DC7-19BF16A7E2B4} = {F30B10EE-ED61-41BF-822F-8BC2FB937348}
		{F5DD2E5C-779A-4C7A-AEE8-2DF6FF0CE3E4} = {F30B10EE-ED61-41BF-822F-8BC2FB937348}
		{0EF02063-A572-4F1F-BDD1-3B7722B2BB4F} = {F30B10EE-ED61-41BF-822F-8BC2FB937348}
		{84593C52-C115-42A0-BB58-26158293E0A2} = {F5DD2E5C-779A-4C7A-AEE8-2DF6FF0CE3E4}
		{43B44CA7-AB65-4BF2-AEB4-78DA4A5D852B} = {F5DD2E5C-779A-4C7A-AEE8-2DF6FF0CE3E4}
		{53395CE4-B1A5-4707-8277-9D00C8E24859} = {0EF02063-A572-4F1F-BDD1-3B7722B2BB4F}
		{D9506FC5-223A-4DFA-BC7F-53A2BF0F47B1} = {0EF02063-A572-4F1F-BDD1-3B7722B2BB4F}
		{B0151B16-F110-4BE9-A6C3-9AE28CF52A27} = {F30B10EE-ED61-41BF-822F-8BC2FB937348}
	EndGlobalSection
	GlobalSection(ProjectConfigurationPlatforms) = postSolution
		{8B38E2A7-83E1-4394-8DC7-19BF16A7E2B4}.Debug|Any CPU.ActiveCfg = Debug|Any CPU
		{8B38E2A7-83E1-4394-8DC7-19BF16A7E2B4}.Debug|Any CPU.Build.0 = Debug|Any CPU
		{8B38E2A7-83E1-4394-8DC7-19BF16A7E2B4}.Release|Any CPU.ActiveCfg = Release|Any CPU
		{8B38E2A7-83E1-4394-8DC7-19BF16A7E2B4}.Release|Any CPU.Build.0 = Release|Any CPU
		{84593C52-C115-42A0-BB58-26158293E0A2}.Debug|Any CPU.ActiveCfg = Debug|Any CPU
		{84593C52-C115-42A0-BB58-26158293E0A2}.Debug|Any CPU.Build.0 = Debug|Any CPU
		{84593C52-C115-42A0-BB58-26158293E0A2}.Release|Any CPU.ActiveCfg = Release|Any CPU
		{84593C52-C115-42A0-BB58-26158293E0A2}.Release|Any CPU.Build.0 = Release|Any CPU
		{43B44CA7-AB65-4BF2-AEB4-78DA4A5D852B}.Debug|Any CPU.ActiveCfg = Debug|Any CPU
		{43B44CA7-AB65-4BF2-AEB4-78DA4A5D852B}.Debug|Any CPU.Build.0 = Debug|Any CPU
		{43B44CA7-AB65-4BF2-AEB4-78DA4A5D852B}.Release|Any CPU.ActiveCfg = Release|Any CPU
		{43B44CA7-AB65-4BF2-AEB4-78DA4A5D852B}.Release|Any CPU.Build.0 = Release|Any CPU
		{53395CE4-B1A5-4707-8277-9D00C8E24859}.Debug|Any CPU.ActiveCfg = Debug|Any CPU
		{53395CE4-B1A5-4707-8277-9D00C8E24859}.Debug|Any CPU.Build.0 = Debug|Any CPU
		{53395CE4-B1A5-4707-8277-9D00C8E24859}.Release|Any CPU.ActiveCfg = Release|Any CPU
		{53395CE4-B1A5-4707-8277-9D00C8E24859}.Release|Any CPU.Build.0 = Release|Any CPU
		{D9506FC5-223A-4DFA-BC7F-53A2BF0F47B1}.Debug|Any CPU.ActiveCfg = Debug|Any CPU
		{D9506FC5-223A-4DFA-BC7F-53A2BF0F47B1}.Debug|Any CPU.Build.0 = Debug|Any CPU
		{D9506FC5-223A-4DFA-BC7F-53A2BF0F47B1}.Release|Any CPU.ActiveCfg = Release|Any CPU
		{D9506FC5-223A-4DFA-BC7F-53A2BF0F47B1}.Release|Any CPU.Build.0 = Release|Any CPU
		{B0151B16-F110-4BE9-A6C3-9AE28CF52A27}.Debug|Any CPU.ActiveCfg = Debug|Any CPU
		{B0151B16-F110-4BE9-A6C3-9AE28CF52A27}.Debug|Any CPU.Build.0 = Debug|Any CPU
		{B0151B16-F110-4BE9-A6C3-9AE28CF52A27}.Release|Any CPU.ActiveCfg = Release|Any CPU
		{B0151B16-F110-4BE9-A6C3-9AE28CF52A27}.Release|Any CPU.Build.0 = Release|Any CPU
	EndGlobalSection
EndGlobal
