
Microsoft Visual Studio Solution File, Format Version 12.00
# Visual Studio Version 17
VisualStudioVersion = 17.0.31903.59
MinimumVisualStudioVersion = 10.0.40219.1
Project("{2150E333-8FDC-42A3-9474-1A3956D46DE8}") = "Solution Items", "Solution Items", "{2A46D7C7-6D4E-4A22-A79E-7802BFD29849}"
EndProject
Project("{2150E333-8FDC-42A3-9474-1A3956D46DE8}") = "tests", "tests", "{C873CCC8-B688-4B50-9FC2-AE7FFCE356C8}"
EndProject
Project("{2150E333-8FDC-42A3-9474-1A3956D46DE8}") = "Git", "Git", "{A1432BFC-5A4C-4B31-949C-067D1D293044}"
	ProjectSection(SolutionItems) = preProject
		.gitignore = .gitignore
	EndProjectSection
EndProject
Project("{2150E333-8FDC-42A3-9474-1A3956D46DE8}") = "src", "src", "{F30B10EE-ED61-41BF-822F-8BC2FB937348}"
EndProject
Project("{FAE04EC0-301F-11D3-BF4B-00C04F79EFBC}") = "CabaVS.ExpenseTracker.Web", "src\CabaVS.ExpenseTracker.Web\CabaVS.ExpenseTracker.Web.csproj", "{8B38E2A7-83E1-4394-8DC7-19BF16A7E2B4}"
EndProject
Global
	GlobalSection(SolutionConfigurationPlatforms) = preSolution
		Debug|Any CPU = Debug|Any CPU
		Release|Any CPU = Release|Any CPU
	EndGlobalSection
	GlobalSection(SolutionProperties) = preSolution
		HideSolutionNode = FALSE
	EndGlobalSection
	GlobalSection(NestedProjects) = preSolution
		{A1432BFC-5A4C-4B31-949C-067D1D293044} = {2A46D7C7-6D4E-4A22-A79E-7802BFD29849}
		{8B38E2A7-83E1-4394-8DC7-19BF16A7E2B4} = {F30B10EE-ED61-41BF-822F-8BC2FB937348}
	EndGlobalSection
	GlobalSection(ProjectConfigurationPlatforms) = postSolution
		{8B38E2A7-83E1-4394-8DC7-19BF16A7E2B4}.Debug|Any CPU.ActiveCfg = Debug|Any CPU
		{8B38E2A7-83E1-4394-8DC7-19BF16A7E2B4}.Debug|Any CPU.Build.0 = Debug|Any CPU
		{8B38E2A7-83E1-4394-8DC7-19BF16A7E2B4}.Release|Any CPU.ActiveCfg = Release|Any CPU
		{8B38E2A7-83E1-4394-8DC7-19BF16A7E2B4}.Release|Any CPU.Build.0 = Release|Any CPU
	EndGlobalSection
EndGlobal
